// !$*UTF8*$!
{
	archiveVersion = 1;
	classes = {
	};
	objectVersion = 46;
	objects = {

/* Begin PBXBuildFile section */
		7806CF0B1A984655004A8E5D /* AppDelegate.swift in Sources */ = {isa = PBXBuildFile; fileRef = 7806CF0A1A984655004A8E5D /* AppDelegate.swift */; };
		7806CF0D1A984655004A8E5D /* ViewController.swift in Sources */ = {isa = PBXBuildFile; fileRef = 7806CF0C1A984655004A8E5D /* ViewController.swift */; };
		7806CF101A984655004A8E5D /* Main.storyboard in Resources */ = {isa = PBXBuildFile; fileRef = 7806CF0E1A984655004A8E5D /* Main.storyboard */; };
		7806CF121A984655004A8E5D /* Images.xcassets in Resources */ = {isa = PBXBuildFile; fileRef = 7806CF111A984655004A8E5D /* Images.xcassets */; };
		7806CF151A984655004A8E5D /* LaunchScreen.xib in Resources */ = {isa = PBXBuildFile; fileRef = 7806CF131A984655004A8E5D /* LaunchScreen.xib */; };
		7806CF211A984655004A8E5D /* ShoeConverterTests.swift in Sources */ = {isa = PBXBuildFile; fileRef = 7806CF201A984655004A8E5D /* ShoeConverterTests.swift */; };
/* End PBXBuildFile section */

/* Begin PBXContainerItemProxy section */
		7806CF1B1A984655004A8E5D /* PBXContainerItemProxy */ = {
			isa = PBXContainerItemProxy;
			containerPortal = 7806CEFD1A984655004A8E5D /* Project object */;
			proxyType = 1;
			remoteGlobalIDString = 7806CF041A984655004A8E5D;
			remoteInfo = ShoeConverter;
		};
/* End PBXContainerItemProxy section */

/* Begin PBXFileReference section */
		7806CF051A984655004A8E5D /* ShoeConverter.app */ = {isa = PBXFileReference; explicitFileType = wrapper.application; includeInIndex = 0; path = ShoeConverter.app; sourceTree = BUILT_PRODUCTS_DIR; };
		7806CF091A984655004A8E5D /* Info.plist */ = {isa = PBXFileReference; lastKnownFileType = text.plist.xml; path = Info.plist; sourceTree = "<group>"; };
		7806CF0A1A984655004A8E5D /* AppDelegate.swift */ = {isa = PBXFileReference; lastKnownFileType = sourcecode.swift; path = AppDelegate.swift; sourceTree = "<group>"; };
		7806CF0C1A984655004A8E5D /* ViewController.swift */ = {isa = PBXFileReference; lastKnownFileType = sourcecode.swift; path = ViewController.swift; sourceTree = "<group>"; };
		7806CF0F1A984655004A8E5D /* Base */ = {isa = PBXFileReference; lastKnownFileType = file.storyboard; name = Base; path = Base.lproj/Main.storyboard; sourceTree = "<group>"; };
		7806CF111A984655004A8E5D /* Images.xcassets */ = {isa = PBXFileReference; lastKnownFileType = folder.assetcatalog; path = Images.xcassets; sourceTree = "<group>"; };
		7806CF141A984655004A8E5D /* Base */ = {isa = PBXFileReference; lastKnownFileType = file.xib; name = Base; path = Base.lproj/LaunchScreen.xib; sourceTree = "<group>"; };
		7806CF1A1A984655004A8E5D /* ShoeConverterTests.xctest */ = {isa = PBXFileReference; explicitFileType = wrapper.cfbundle; includeInIndex = 0; path = ShoeConverterTests.xctest; sourceTree = BUILT_PRODUCTS_DIR; };
		7806CF1F1A984655004A8E5D /* Info.plist */ = {isa = PBXFileReference; lastKnownFileType = text.plist.xml; path = Info.plist; sourceTree = "<group>"; };
		7806CF201A984655004A8E5D /* ShoeConverterTests.swift */ = {isa = PBXFileReference; lastKnownFileType = sourcecode.swift; path = ShoeConverterTests.swift; sourceTree = "<group>"; };
/* End PBXFileReference section */

/* Begin PBXFrameworksBuildPhase section */
		7806CF021A984655004A8E5D /* Frameworks */ = {
			isa = PBXFrameworksBuildPhase;
			buildActionMask = 2147483647;
			files = (
			);
			runOnlyForDeploymentPostprocessing = 0;
		};
		7806CF171A984655004A8E5D /* Frameworks */ = {
			isa = PBXFrameworksBuildPhase;
			buildActionMask = 2147483647;
			files = (
			);
			runOnlyForDeploymentPostprocessing = 0;
		};
/* End PBXFrameworksBuildPhase section */

/* Begin PBXGroup section */
		7806CEFC1A984655004A8E5D = {
			isa = PBXGroup;
			children = (
				7806CF071A984655004A8E5D /* ShoeConverter */,
				7806CF1D1A984655004A8E5D /* ShoeConverterTests */,
				7806CF061A984655004A8E5D /* Products */,
			);
			sourceTree = "<group>";
		};
		7806CF061A984655004A8E5D /* Products */ = {
			isa = PBXGroup;
			children = (
				7806CF051A984655004A8E5D /* ShoeConverter.app */,
				7806CF1A1A984655004A8E5D /* ShoeConverterTests.xctest */,
			);
			name = Products;
			sourceTree = "<group>";
		};
		7806CF071A984655004A8E5D /* ShoeConverter */ = {
			isa = PBXGroup;
			children = (
				7806CF0A1A984655004A8E5D /* AppDelegate.swift */,
				7806CF0C1A984655004A8E5D /* ViewController.swift */,
				7806CF0E1A984655004A8E5D /* Main.storyboard */,
				7806CF111A984655004A8E5D /* Images.xcassets */,
				7806CF131A984655004A8E5D /* LaunchScreen.xib */,
				7806CF081A984655004A8E5D /* Supporting Files */,
			);
			path = ShoeConverter;
			sourceTree = "<group>";
		};
		7806CF081A984655004A8E5D /* Supporting Files */ = {
			isa = PBXGroup;
			children = (
				7806CF091A984655004A8E5D /* Info.plist */,
			);
			name = "Supporting Files";
			sourceTree = "<group>";
		};
		7806CF1D1A984655004A8E5D /* ShoeConverterTests */ = {
			isa = PBXGroup;
			children = (
				7806CF201A984655004A8E5D /* ShoeConverterTests.swift */,
				7806CF1E1A984655004A8E5D /* Supporting Files */,
			);
			path = ShoeConverterTests;
			sourceTree = "<group>";
		};
		7806CF1E1A984655004A8E5D /* Supporting Files */ = {
			isa = PBXGroup;
			children = (
				7806CF1F1A984655004A8E5D /* Info.plist */,
			);
			name = "Supporting Files";
			sourceTree = "<group>";
		};
/* End PBXGroup section */

/* Begin PBXNativeTarget section */
		7806CF041A984655004A8E5D /* ShoeConverter */ = {
			isa = PBXNativeTarget;
			buildConfigurationList = 7806CF241A984655004A8E5D /* Build configuration list for PBXNativeTarget "ShoeConverter" */;
			buildPhases = (
				7806CF011A984655004A8E5D /* Sources */,
				7806CF021A984655004A8E5D /* Frameworks */,
				7806CF031A984655004A8E5D /* Resources */,
			);
			buildRules = (
			);
			dependencies = (
			);
			name = ShoeConverter;
			productName = ShoeConverter;
			productReference = 7806CF051A984655004A8E5D /* ShoeConverter.app */;
			productType = "com.apple.product-type.application";
		};
		7806CF191A984655004A8E5D /* ShoeConverterTests */ = {
			isa = PBXNativeTarget;
			buildConfigurationList = 7806CF271A984655004A8E5D /* Build configuration list for PBXNativeTarget "ShoeConverterTests" */;
			buildPhases = (
				7806CF161A984655004A8E5D /* Sources */,
				7806CF171A984655004A8E5D /* Frameworks */,
				7806CF181A984655004A8E5D /* Resources */,
			);
			buildRules = (
			);
			dependencies = (
				7806CF1C1A984655004A8E5D /* PBXTargetDependency */,
			);
			name = ShoeConverterTests;
			productName = ShoeConverterTests;
			productReference = 7806CF1A1A984655004A8E5D /* ShoeConverterTests.xctest */;
			productType = "com.apple.product-type.bundle.unit-test";
		};
/* End PBXNativeTarget section */

/* Begin PBXProject section */
		7806CEFD1A984655004A8E5D /* Project object */ = {
			isa = PBXProject;
			attributes = {
				LastUpgradeCheck = 0630;
				ORGANIZATIONNAME = "Ewan Cluckie";
				TargetAttributes = {
					7806CF041A984655004A8E5D = {
						CreatedOnToolsVersion = 6.3;
					};
					7806CF191A984655004A8E5D = {
						CreatedOnToolsVersion = 6.3;
						TestTargetID = 7806CF041A984655004A8E5D;
					};
				};
			};
			buildConfigurationList = 7806CF001A984655004A8E5D /* Build configuration list for PBXProject "ShoeConverter" */;
			compatibilityVersion = "Xcode 3.2";
			developmentRegion = English;
			hasScannedForEncodings = 0;
			knownRegions = (
				en,
				Base,
			);
			mainGroup = 7806CEFC1A984655004A8E5D;
			productRefGroup = 7806CF061A984655004A8E5D /* Products */;
			projectDirPath = "";
			projectRoot = "";
			targets = (
				7806CF041A984655004A8E5D /* ShoeConverter */,
				7806CF191A984655004A8E5D /* ShoeConverterTests */,
			);
		};
/* End PBXProject section */

/* Begin PBXResourcesBuildPhase section */
		7806CF031A984655004A8E5D /* Resources */ = {
			isa = PBXResourcesBuildPhase;
			buildActionMask = 2147483647;
			files = (
				7806CF101A984655004A8E5D /* Main.storyboard in Resources */,
				7806CF151A984655004A8E5D /* LaunchScreen.xib in Resources */,
				7806CF121A984655004A8E5D /* Images.xcassets in Resources */,
			);
			runOnlyForDeploymentPostprocessing = 0;
		};
		7806CF181A984655004A8E5D /* Resources */ = {
			isa = PBXResourcesBuildPhase;
			buildActionMask = 2147483647;
			files = (
			);
			runOnlyForDeploymentPostprocessing = 0;
		};
/* End PBXResourcesBuildPhase section */

/* Begin PBXSourcesBuildPhase section */
		7806CF011A984655004A8E5D /* Sources */ = {
			isa = PBXSourcesBuildPhase;
			buildActionMask = 2147483647;
			files = (
				7806CF0D1A984655004A8E5D /* ViewController.swift in Sources */,
				7806CF0B1A984655004A8E5D /* AppDelegate.swift in Sources */,
			);
			runOnlyForDeploymentPostprocessing = 0;
		};
		7806CF161A984655004A8E5D /* Sources */ = {
			isa = PBXSourcesBuildPhase;
			buildActionMask = 2147483647;
			files = (
				7806CF211A984655004A8E5D /* ShoeConverterTests.swift in Sources */,
			);
			runOnlyForDeploymentPostprocessing = 0;
		};
/* End PBXSourcesBuildPhase section */

/* Begin PBXTargetDependency section */
		7806CF1C1A984655004A8E5D /* PBXTargetDependency */ = {
			isa = PBXTargetDependency;
			target = 7806CF041A984655004A8E5D /* ShoeConverter */;
			targetProxy = 7806CF1B1A984655004A8E5D /* PBXContainerItemProxy */;
		};
/* End PBXTargetDependency section */

/* Begin PBXVariantGroup section */
		7806CF0E1A984655004A8E5D /* Main.storyboard */ = {
			isa = PBXVariantGroup;
			children = (
				7806CF0F1A984655004A8E5D /* Base */,
			);
			name = Main.storyboard;
			sourceTree = "<group>";
		};
		7806CF131A984655004A8E5D /* LaunchScreen.xib */ = {
			isa = PBXVariantGroup;
			children = (
				7806CF141A984655004A8E5D /* Base */,
			);
			name = LaunchScreen.xib;
			sourceTree = "<group>";
		};
/* End PBXVariantGroup section */

/* Begin XCBuildConfiguration section */
		7806CF221A984655004A8E5D /* Debug */ = {
			isa = XCBuildConfiguration;
			buildSettings = {
				ALWAYS_SEARCH_USER_PATHS = NO;
				CLANG_CXX_LANGUAGE_STANDARD = "gnu++0x";
				CLANG_CXX_LIBRARY = "libc++";
				CLANG_ENABLE_MODULES = YES;
				CLANG_ENABLE_OBJC_ARC = YES;
				CLANG_WARN_BOOL_CONVERSION = YES;
				CLANG_WARN_CONSTANT_CONVERSION = YES;
				CLANG_WARN_DIRECT_OBJC_ISA_USAGE = YES_ERROR;
				CLANG_WARN_EMPTY_BODY = YES;
				CLANG_WARN_ENUM_CONVERSION = YES;
				CLANG_WARN_INT_CONVERSION = YES;
				CLANG_WARN_OBJC_ROOT_CLASS = YES_ERROR;
				CLANG_WARN_UNREACHABLE_CODE = YES;
				CLANG_WARN__DUPLICATE_METHOD_MATCH = YES;
				"CODE_SIGN_IDENTITY[sdk=iphoneos*]" = "iPhone Developer";
				COPY_PHASE_STRIP = NO;
				DEBUG_INFORMATION_FORMAT = dwarf;
				ENABLE_STRICT_OBJC_MSGSEND = YES;
				GCC_C_LANGUAGE_STANDARD = gnu99;
				GCC_DYNAMIC_NO_PIC = NO;
				GCC_OPTIMIZATION_LEVEL = 0;
				GCC_PREPROCESSOR_DEFINITIONS = (
					"DEBUG=1",
					"$(inherited)",
				);
				GCC_SYMBOLS_PRIVATE_EXTERN = NO;
				GCC_WARN_64_TO_32_BIT_CONVERSION = YES;
				GCC_WARN_ABOUT_RETURN_TYPE = YES_ERROR;
				GCC_WARN_UNDECLARED_SELECTOR = YES;
				GCC_WARN_UNINITIALIZED_AUTOS = YES_AGGRESSIVE;
				GCC_WARN_UNUSED_FUNCTION = YES;
				GCC_WARN_UNUSED_VARIABLE = YES;
				IPHONEOS_DEPLOYMENT_TARGET = 8.3;
				MTL_ENABLE_DEBUG_INFO = YES;
				ONLY_ACTIVE_ARCH = YES;
				SDKROOT = iphoneos;
				SWIFT_OPTIMIZATION_LEVEL = "-Onone";
				TARGETED_DEVICE_FAMILY = "1,2";
			};
			name = Debug;
		};
		7806CF231A984655004A8E5D /* Release */ = {
			isa = XCBuildConfiguration;
			buildSettings = {
				ALWAYS_SEARCH_USER_PATHS = NO;
				CLANG_CXX_LANGUAGE_STANDARD = "gnu++0x";
				CLANG_CXX_LIBRARY = "libc++";
				CLANG_ENABLE_MODULES = YES;
				CLANG_ENABLE_OBJC_ARC = YES;
				CLANG_WARN_BOOL_CONVERSION = YES;
				CLANG_WARN_CONSTANT_CONVERSION = YES;
				CLANG_WARN_DIRECT_OBJC_ISA_USAGE = YES_ERROR;
				CLANG_WARN_EMPTY_BODY = YES;
				CLANG_WARN_ENUM_CONVERSION = YES;
				CLANG_WARN_INT_CONVERSION = YES;
				CLANG_WARN_OBJC_ROOT_CLASS = YES_ERROR;
				CLANG_WARN_UNREACHABLE_CODE = YES;
				CLANG_WARN__DUPLICATE_METHOD_MATCH = YES;
				"CODE_SIGN_IDENTITY[sdk=iphoneos*]" = "iPhone Developer";
				COPY_PHASE_STRIP = NO;
				DEBUG_INFORMATION_FORMAT = "dwarf-with-dsym";
				ENABLE_NS_ASSERTIONS = NO;
				ENABLE_STRICT_OBJC_MSGSEND = YES;
				GCC_C_LANGUAGE_STANDARD = gnu99;
				GCC_WARN_64_TO_32_BIT_CONVERSION = YES;
				GCC_WARN_ABOUT_RETURN_TYPE = YES_ERROR;
				GCC_WARN_UNDECLARED_SELECTOR = YES;
				GCC_WARN_UNINITIALIZED_AUTOS = YES_AGGRESSIVE;
				GCC_WARN_UNUSED_FUNCTION = YES;
				GCC_WARN_UNUSED_VARIABLE = YES;
				IPHONEOS_DEPLOYMENT_TARGET = 8.3;
				MTL_ENABLE_DEBUG_INFO = NO;
				SDKROOT = iphoneos;
				TARGETED_DEVICE_FAMILY = "1,2";
				VALIDATE_PRODUCT = YES;
			};
			name = Release;
		};
		7806CF251A984655004A8E5D /* Debug */ = {
			isa = XCBuildConfiguration;
			buildSettings = {
				ASSETCATALOG_COMPILER_APPICON_NAME = AppIcon;
				INFOPLIST_FILE = ShoeConverter/Info.plist;
				LD_RUNPATH_SEARCH_PATHS = "$(inherited) @executable_path/Frameworks";
				PRODUCT_NAME = "$(TARGET_NAME)";
			};
			name = Debug;
		};
		7806CF261A984655004A8E5D /* Release */ = {
			isa = XCBuildConfiguration;
			buildSettings = {
				ASSETCATALOG_COMPILER_APPICON_NAME = AppIcon;
				INFOPLIST_FILE = ShoeConverter/Info.plist;
				LD_RUNPATH_SEARCH_PATHS = "$(inherited) @executable_path/Frameworks";
				PRODUCT_NAME = "$(TARGET_NAME)";
			};
			name = Release;
		};
		7806CF281A984655004A8E5D /* Debug */ = {
			isa = XCBuildConfiguration;
			buildSettings = {
				BUNDLE_LOADER = "$(TEST_HOST)";
				FRAMEWORK_SEARCH_PATHS = (
					"$(SDKROOT)/Developer/Library/Frameworks",
					"$(inherited)",
				);
				GCC_PREPROCESSOR_DEFINITIONS = (
					"DEBUG=1",
					"$(inherited)",
				);
				INFOPLIST_FILE = ShoeConverterTests/Info.plist;
				LD_RUNPATH_SEARCH_PATHS = "$(inherited) @executable_path/Frameworks @loader_path/Frameworks";
				PRODUCT_NAME = "$(TARGET_NAME)";
				TEST_HOST = "$(BUILT_PRODUCTS_DIR)/ShoeConverter.app/ShoeConverter";
			};
			name = Debug;
		};
		7806CF291A984655004A8E5D /* Release */ = {
			isa = XCBuildConfiguration;
			buildSettings = {
				BUNDLE_LOADER = "$(TEST_HOST)";
				FRAMEWORK_SEARCH_PATHS = (
					"$(SDKROOT)/Developer/Library/Frameworks",
					"$(inherited)",
				);
				INFOPLIST_FILE = ShoeConverterTests/Info.plist;
				LD_RUNPATH_SEARCH_PATHS = "$(inherited) @executable_path/Frameworks @loader_path/Frameworks";
				PRODUCT_NAME = "$(TARGET_NAME)";
				TEST_HOST = "$(BUILT_PRODUCTS_DIR)/ShoeConverter.app/ShoeConverter";
			};
			name = Release;
		};
/* End XCBuildConfiguration section */

/* Begin XCConfigurationList section */
		7806CF001A984655004A8E5D /* Build configuration list for PBXProject "ShoeConverter" */ = {
			isa = XCConfigurationList;
			buildConfigurations = (
				7806CF221A984655004A8E5D /* Debug */,
				7806CF231A984655004A8E5D /* Release */,
			);
			defaultConfigurationIsVisible = 0;
			defaultConfigurationName = Release;
		};
		7806CF241A984655004A8E5D /* Build configuration list for PBXNativeTarget "ShoeConverter" */ = {
			isa = XCConfigurationList;
			buildConfigurations = (
				7806CF251A984655004A8E5D /* Debug */,
				7806CF261A984655004A8E5D /* Release */,
			);
			defaultConfigurationIsVisible = 0;
		};
		7806CF271A984655004A8E5D /* Build configuration list for PBXNativeTarget "ShoeConverterTests" */ = {
			isa = XCConfigurationList;
			buildConfigurations = (
				7806CF281A984655004A8E5D /* Debug */,
				7806CF291A984655004A8E5D /* Release */,
			);
			defaultConfigurationIsVisible = 0;
		};
/* End XCConfigurationList section */
	};
	rootObject = 7806CEFD1A984655004A8E5D /* Project object */;
}
